// !$*UTF8*$!
{
	archiveVersion = 1;
	classes = {
	};
	objectVersion = 46;
	objects = {

/* Begin PBXBuildFile section */
		0F2431BE1E109CDF0046A224 /* CardOrder.swift in Sources */ = {isa = PBXBuildFile; fileRef = 0F2431BD1E109CDF0046A224 /* CardOrder.swift */; };
		0F2431C31E109E120046A224 /* CardOrderTests.swift in Sources */ = {isa = PBXBuildFile; fileRef = 0F2431C21E109E120046A224 /* CardOrderTests.swift */; };
		0F2431C51E10A04E0046A224 /* CardSide.swift in Sources */ = {isa = PBXBuildFile; fileRef = 0F2431C41E10A04E0046A224 /* CardSide.swift */; };
		0F2431C71E10A0B80046A224 /* CardSideTests.swift in Sources */ = {isa = PBXBuildFile; fileRef = 0F2431C61E10A0B80046A224 /* CardSideTests.swift */; };
		0F2431CD1E10A5420046A224 /* Tag.swift in Sources */ = {isa = PBXBuildFile; fileRef = 0F2431CC1E10A5420046A224 /* Tag.swift */; };
		0F2431CF1E10A5F90046A224 /* TagTests.swift in Sources */ = {isa = PBXBuildFile; fileRef = 0F2431CE1E10A5F90046A224 /* TagTests.swift */; };
		0F2431D11E10A9860046A224 /* User.swift in Sources */ = {isa = PBXBuildFile; fileRef = 0F2431D01E10A9860046A224 /* User.swift */; };
		0F2431D31E10A9E70046A224 /* UserTests.swift in Sources */ = {isa = PBXBuildFile; fileRef = 0F2431D21E10A9E70046A224 /* UserTests.swift */; };
		0F32FC3A1E11A73200D599D8 /* SafariServices.framework in Frameworks */ = {isa = PBXBuildFile; fileRef = 0F32FC391E11A73200D599D8 /* SafariServices.framework */; };
		0F32FC3C1E11A74B00D599D8 /* SystemConfiguration.framework in Frameworks */ = {isa = PBXBuildFile; fileRef = 0F32FC3B1E11A74B00D599D8 /* SystemConfiguration.framework */; };
		0F38A4D41E11AFE100051F9E /* LoginViewControllerTests.swift in Sources */ = {isa = PBXBuildFile; fileRef = 0F38A4D31E11AFE100051F9E /* LoginViewControllerTests.swift */; };
		0F38A4D81E11B14D00051F9E /* AuthenticationDelegate.swift in Sources */ = {isa = PBXBuildFile; fileRef = 0F38A4D71E11B14D00051F9E /* AuthenticationDelegate.swift */; };
		0F38A4DC1E11B28A00051F9E /* Login.storyboard in Resources */ = {isa = PBXBuildFile; fileRef = 0F38A4DB1E11B28A00051F9E /* Login.storyboard */; };
		0F38A4DE1E11B2AA00051F9E /* LoginViewController.swift in Sources */ = {isa = PBXBuildFile; fileRef = 0F38A4DD1E11B2AA00051F9E /* LoginViewController.swift */; };
		0F38A4E01E11B94A00051F9E /* SharedMocks.swift in Sources */ = {isa = PBXBuildFile; fileRef = 0F38A4DF1E11B94A00051F9E /* SharedMocks.swift */; };
		0F38A4E21E11C61000051F9E /* WelcomeViewController.swift in Sources */ = {isa = PBXBuildFile; fileRef = 0F38A4E11E11C61000051F9E /* WelcomeViewController.swift */; };
		0F38A4E41E11E3C100051F9E /* WelcomeViewControllerTests.swift in Sources */ = {isa = PBXBuildFile; fileRef = 0F38A4E31E11E3C100051F9E /* WelcomeViewControllerTests.swift */; };
		0F4D8A431E12E27600900729 /* BrowseViewControllerFilterTests.swift in Sources */ = {isa = PBXBuildFile; fileRef = 0F4D8A421E12E27600900729 /* BrowseViewControllerFilterTests.swift */; };
		0F4D8A451E12E3D400900729 /* BrowseViewController.swift in Sources */ = {isa = PBXBuildFile; fileRef = 0F4D8A441E12E3D400900729 /* BrowseViewController.swift */; };
		0F4D8A481E12E3FA00900729 /* Browse.storyboard in Resources */ = {isa = PBXBuildFile; fileRef = 0F4D8A471E12E3FA00900729 /* Browse.storyboard */; };
		0F4D8A4B1E12E86900900729 /* UIViewController+.swift in Sources */ = {isa = PBXBuildFile; fileRef = 0F4D8A4A1E12E86900900729 /* UIViewController+.swift */; };
		0F4D8A531E13ED9A00900729 /* ToolsForTesting.swift in Sources */ = {isa = PBXBuildFile; fileRef = 0F4D8A521E13ED9A00900729 /* ToolsForTesting.swift */; };
		0F5044D01E22A316007030CD /* TypeAliases.swift in Sources */ = {isa = PBXBuildFile; fileRef = 0F5044CF1E22A316007030CD /* TypeAliases.swift */; };
		0F5044D21E22D8B3007030CD /* UITableView+.swift in Sources */ = {isa = PBXBuildFile; fileRef = 0F5044D11E22D8B3007030CD /* UITableView+.swift */; };
		0F5ADF9D1E107CDD003B1225 /* AppDelegate.swift in Sources */ = {isa = PBXBuildFile; fileRef = 0F5ADF9C1E107CDD003B1225 /* AppDelegate.swift */; };
		0F5ADFA41E107CDD003B1225 /* Assets.xcassets in Resources */ = {isa = PBXBuildFile; fileRef = 0F5ADFA31E107CDD003B1225 /* Assets.xcassets */; };
		0F5ADFA71E107CDD003B1225 /* LaunchScreen.storyboard in Resources */ = {isa = PBXBuildFile; fileRef = 0F5ADFA51E107CDD003B1225 /* LaunchScreen.storyboard */; };
		0F5ADFB21E107CDD003B1225 /* EnfocaTests.swift in Sources */ = {isa = PBXBuildFile; fileRef = 0F5ADFB11E107CDD003B1225 /* EnfocaTests.swift */; };
		0F64F1801E2AB7EF000549CF /* PairEditorViewController.swift in Sources */ = {isa = PBXBuildFile; fileRef = 0F64F17F1E2AB7EF000549CF /* PairEditorViewController.swift */; };
		0F64F1831E2AB872000549CF /* PairEditorViewControllerTests.swift in Sources */ = {isa = PBXBuildFile; fileRef = 0F64F1821E2AB872000549CF /* PairEditorViewControllerTests.swift */; };
		0F64F1851E2AD1C7000549CF /* BrowseViewModelDelegate.swift in Sources */ = {isa = PBXBuildFile; fileRef = 0F64F1841E2AD1C7000549CF /* BrowseViewModelDelegate.swift */; };
		0F64F1871E2C141D000549CF /* TagCell.swift in Sources */ = {isa = PBXBuildFile; fileRef = 0F64F1861E2C141D000549CF /* TagCell.swift */; };
		0F64F18B1E2C5173000549CF /* TagCellTests.swift in Sources */ = {isa = PBXBuildFile; fileRef = 0F64F18A1E2C5173000549CF /* TagCellTests.swift */; };
		0F64F1AA1E3D4059000549CF /* PairEditorDelegate.swift in Sources */ = {isa = PBXBuildFile; fileRef = 0F64F1A91E3D4059000549CF /* PairEditorDelegate.swift */; };
		0F64F1AC1E3E575D000549CF /* Gender.swift in Sources */ = {isa = PBXBuildFile; fileRef = 0F64F1AB1E3E575D000549CF /* Gender.swift */; };
		0F64F1AE1E3E5BE7000549CF /* EnfocaError.swift in Sources */ = {isa = PBXBuildFile; fileRef = 0F64F1AD1E3E5BE7000549CF /* EnfocaError.swift */; };
		0F64F1B01E3E5D9E000549CF /* EnfocaErrorTests.swift in Sources */ = {isa = PBXBuildFile; fileRef = 0F64F1AF1E3E5D9E000549CF /* EnfocaErrorTests.swift */; };
		0F72122A1E50C7E400DD3870 /* TagFilterViewModelDelegate.swift in Sources */ = {isa = PBXBuildFile; fileRef = 0F7212291E50C7E400DD3870 /* TagFilterViewModelDelegate.swift */; };
		0F8594161E2AB41500163462 /* PairEditor.storyboard in Resources */ = {isa = PBXBuildFile; fileRef = 0F8594151E2AB41500163462 /* PairEditor.storyboard */; };
		0F864E811E17F81600539773 /* BrowseViewControllerStudyItemTests.swift in Sources */ = {isa = PBXBuildFile; fileRef = 0F864E801E17F81500539773 /* BrowseViewControllerStudyItemTests.swift */; };
		0F864E831E17F93F00539773 /* ApplicationDefaults.swift in Sources */ = {isa = PBXBuildFile; fileRef = 0F864E821E17F93F00539773 /* ApplicationDefaults.swift */; };
		0F864E871E1807A400539773 /* WordPairCell.swift in Sources */ = {isa = PBXBuildFile; fileRef = 0F864E851E1807A400539773 /* WordPairCell.swift */; };
		0F864E8A1E1808C900539773 /* BrowseViewModel.swift in Sources */ = {isa = PBXBuildFile; fileRef = 0F864E891E1808C900539773 /* BrowseViewModel.swift */; };
		0F864E8C1E180C1E00539773 /* BrowseViewModelTests.swift in Sources */ = {isa = PBXBuildFile; fileRef = 0F864E8B1E180C1E00539773 /* BrowseViewModelTests.swift */; };
		0F864E8E1E18660800539773 /* WordPairCellTests.swift in Sources */ = {isa = PBXBuildFile; fileRef = 0F864E8D1E18660800539773 /* WordPairCellTests.swift */; };
		0F87D0C41E466487001394AB /* PairEditorViewControllerMockVCTests.swift in Sources */ = {isa = PBXBuildFile; fileRef = 0F87D0C31E466487001394AB /* PairEditorViewControllerMockVCTests.swift */; };
		0FAA961F1E19A56600078365 /* WordPairOrder.swift in Sources */ = {isa = PBXBuildFile; fileRef = 0FAA961E1E19A56600078365 /* WordPairOrder.swift */; };
		0FB1C6541E1403BE0087DC93 /* EnumCollection.swift in Sources */ = {isa = PBXBuildFile; fileRef = 0FB1C6531E1403BE0087DC93 /* EnumCollection.swift */; };
		0FB1C6571E144BB20087DC93 /* TagAssociationTests.swift in Sources */ = {isa = PBXBuildFile; fileRef = 0FB1C6561E144BB20087DC93 /* TagAssociationTests.swift */; };
		0FB1C6591E144D730087DC93 /* TagAssociation.swift in Sources */ = {isa = PBXBuildFile; fileRef = 0FB1C6581E144D730087DC93 /* TagAssociation.swift */; };
		0FB1C65B1E14500E0087DC93 /* WebService.swift in Sources */ = {isa = PBXBuildFile; fileRef = 0FB1C65A1E14500E0087DC93 /* WebService.swift */; };
		0FB1C65E1E145CB60087DC93 /* DemoWebService.swift in Sources */ = {isa = PBXBuildFile; fileRef = 0FB1C65D1E145CB60087DC93 /* DemoWebService.swift */; };
		0FB1C6621E148CA00087DC93 /* TagFilterViewController.swift in Sources */ = {isa = PBXBuildFile; fileRef = 0FB1C6611E148CA00087DC93 /* TagFilterViewController.swift */; };
		0FB1C6641E148F710087DC93 /* TagFilterDelegate.swift in Sources */ = {isa = PBXBuildFile; fileRef = 0FB1C6631E148F710087DC93 /* TagFilterDelegate.swift */; };
		0FB1C6661E154F200087DC93 /* Sequence+.swift in Sources */ = {isa = PBXBuildFile; fileRef = 0FB1C6651E154F200087DC93 /* Sequence+.swift */; };
		0FB1C6681E154F650087DC93 /* Sequence+Tests.swift in Sources */ = {isa = PBXBuildFile; fileRef = 0FB1C6671E154F650087DC93 /* Sequence+Tests.swift */; };
		0FDC87091E1552F600CF4EC6 /* TagFilterViewControllerTests.swift in Sources */ = {isa = PBXBuildFile; fileRef = 0FDC87081E1552F600CF4EC6 /* TagFilterViewControllerTests.swift */; };
		0FDC870B1E15560700CF4EC6 /* TagFilterViewModelTests.swift in Sources */ = {isa = PBXBuildFile; fileRef = 0FDC870A1E15560700CF4EC6 /* TagFilterViewModelTests.swift */; };
		0FDC870D1E15573300CF4EC6 /* TagFilterViewModel.swift in Sources */ = {isa = PBXBuildFile; fileRef = 0FDC870C1E15573300CF4EC6 /* TagFilterViewModel.swift */; };
		0FDC870F1E15D92700CF4EC6 /* WordPairTests.swift in Sources */ = {isa = PBXBuildFile; fileRef = 0FDC870E1E15D92700CF4EC6 /* WordPairTests.swift */; };
		0FDC87111E15DCC800CF4EC6 /* WordPair.swift in Sources */ = {isa = PBXBuildFile; fileRef = 0FDC87101E15DCC800CF4EC6 /* WordPair.swift */; };
		89BCD4C5F953E8798C304B9B /* Pods_EnfocaTests.framework in Frameworks */ = {isa = PBXBuildFile; fileRef = F51C574FDE8BD2BFA035F346 /* Pods_EnfocaTests.framework */; };
		E13C77D8E44DD9252F8222F4 /* Pods_Enfoca.framework in Frameworks */ = {isa = PBXBuildFile; fileRef = BED6D653424C76C70C23D1A8 /* Pods_Enfoca.framework */; };
/* End PBXBuildFile section */

/* Begin PBXContainerItemProxy section */
		0F5ADFAE1E107CDD003B1225 /* PBXContainerItemProxy */ = {
			isa = PBXContainerItemProxy;
			containerPortal = 0F5ADF911E107CDD003B1225 /* Project object */;
			proxyType = 1;
			remoteGlobalIDString = 0F5ADF981E107CDD003B1225;
			remoteInfo = Enfoca;
		};
/* End PBXContainerItemProxy section */

/* Begin PBXFileReference section */
		0F2431BD1E109CDF0046A224 /* CardOrder.swift */ = {isa = PBXFileReference; fileEncoding = 4; lastKnownFileType = sourcecode.swift; path = CardOrder.swift; sourceTree = "<group>"; };
		0F2431C21E109E120046A224 /* CardOrderTests.swift */ = {isa = PBXFileReference; fileEncoding = 4; lastKnownFileType = sourcecode.swift; name = CardOrderTests.swift; path = Models/CardOrderTests.swift; sourceTree = "<group>"; };
		0F2431C41E10A04E0046A224 /* CardSide.swift */ = {isa = PBXFileReference; fileEncoding = 4; lastKnownFileType = sourcecode.swift; path = CardSide.swift; sourceTree = "<group>"; };
		0F2431C61E10A0B80046A224 /* CardSideTests.swift */ = {isa = PBXFileReference; fileEncoding = 4; lastKnownFileType = sourcecode.swift; name = CardSideTests.swift; path = Models/CardSideTests.swift; sourceTree = "<group>"; };
		0F2431CC1E10A5420046A224 /* Tag.swift */ = {isa = PBXFileReference; fileEncoding = 4; lastKnownFileType = sourcecode.swift; name = Tag.swift; path = Models/Tag.swift; sourceTree = "<group>"; };
		0F2431CE1E10A5F90046A224 /* TagTests.swift */ = {isa = PBXFileReference; fileEncoding = 4; lastKnownFileType = sourcecode.swift; name = TagTests.swift; path = Models/TagTests.swift; sourceTree = "<group>"; };
		0F2431D01E10A9860046A224 /* User.swift */ = {isa = PBXFileReference; fileEncoding = 4; lastKnownFileType = sourcecode.swift; name = User.swift; path = Models/User.swift; sourceTree = "<group>"; };
		0F2431D21E10A9E70046A224 /* UserTests.swift */ = {isa = PBXFileReference; fileEncoding = 4; lastKnownFileType = sourcecode.swift; name = UserTests.swift; path = Models/UserTests.swift; sourceTree = "<group>"; };
		0F32FC391E11A73200D599D8 /* SafariServices.framework */ = {isa = PBXFileReference; lastKnownFileType = wrapper.framework; name = SafariServices.framework; path = System/Library/Frameworks/SafariServices.framework; sourceTree = SDKROOT; };
		0F32FC3B1E11A74B00D599D8 /* SystemConfiguration.framework */ = {isa = PBXFileReference; lastKnownFileType = wrapper.framework; name = SystemConfiguration.framework; path = System/Library/Frameworks/SystemConfiguration.framework; sourceTree = SDKROOT; };
		0F32FC3E1E11A7F100D599D8 /* GoogleService-Info.plist */ = {isa = PBXFileReference; fileEncoding = 4; lastKnownFileType = text.plist.xml; path = "GoogleService-Info.plist"; sourceTree = "<group>"; };
		0F32FC401E11A8FE00D599D8 /* Enfoca-Bridging-Header.h */ = {isa = PBXFileReference; lastKnownFileType = sourcecode.c.h; path = "Enfoca-Bridging-Header.h"; sourceTree = "<group>"; };
		0F38A4D31E11AFE100051F9E /* LoginViewControllerTests.swift */ = {isa = PBXFileReference; fileEncoding = 4; lastKnownFileType = sourcecode.swift; name = LoginViewControllerTests.swift; path = Features/Login/LoginViewControllerTests.swift; sourceTree = "<group>"; };
		0F38A4D71E11B14D00051F9E /* AuthenticationDelegate.swift */ = {isa = PBXFileReference; fileEncoding = 4; lastKnownFileType = sourcecode.swift; name = AuthenticationDelegate.swift; path = Protocols/AuthenticationDelegate.swift; sourceTree = "<group>"; };
		0F38A4DB1E11B28A00051F9E /* Login.storyboard */ = {isa = PBXFileReference; fileEncoding = 4; lastKnownFileType = file.storyboard; name = Login.storyboard; path = Features/Login/Login.storyboard; sourceTree = "<group>"; };
		0F38A4DD1E11B2AA00051F9E /* LoginViewController.swift */ = {isa = PBXFileReference; fileEncoding = 4; lastKnownFileType = sourcecode.swift; name = LoginViewController.swift; path = Features/Login/LoginViewController.swift; sourceTree = "<group>"; };
		0F38A4DF1E11B94A00051F9E /* SharedMocks.swift */ = {isa = PBXFileReference; fileEncoding = 4; lastKnownFileType = sourcecode.swift; path = SharedMocks.swift; sourceTree = "<group>"; };
		0F38A4E11E11C61000051F9E /* WelcomeViewController.swift */ = {isa = PBXFileReference; fileEncoding = 4; lastKnownFileType = sourcecode.swift; name = WelcomeViewController.swift; path = Features/Login/WelcomeViewController.swift; sourceTree = "<group>"; };
		0F38A4E31E11E3C100051F9E /* WelcomeViewControllerTests.swift */ = {isa = PBXFileReference; fileEncoding = 4; lastKnownFileType = sourcecode.swift; name = WelcomeViewControllerTests.swift; path = Features/Login/WelcomeViewControllerTests.swift; sourceTree = "<group>"; };
		0F4D8A421E12E27600900729 /* BrowseViewControllerFilterTests.swift */ = {isa = PBXFileReference; fileEncoding = 4; lastKnownFileType = sourcecode.swift; name = BrowseViewControllerFilterTests.swift; path = Features/Browse/BrowseViewControllerFilterTests.swift; sourceTree = "<group>"; };
		0F4D8A441E12E3D400900729 /* BrowseViewController.swift */ = {isa = PBXFileReference; fileEncoding = 4; lastKnownFileType = sourcecode.swift; name = BrowseViewController.swift; path = Features/Browse/BrowseViewController.swift; sourceTree = "<group>"; };
		0F4D8A471E12E3FA00900729 /* Browse.storyboard */ = {isa = PBXFileReference; fileEncoding = 4; lastKnownFileType = file.storyboard; name = Browse.storyboard; path = Features/Browse/Browse.storyboard; sourceTree = "<group>"; };
		0F4D8A4A1E12E86900900729 /* UIViewController+.swift */ = {isa = PBXFileReference; fileEncoding = 4; lastKnownFileType = sourcecode.swift; name = "UIViewController+.swift"; path = "Extensions/UIViewController+.swift"; sourceTree = "<group>"; };
		0F4D8A521E13ED9A00900729 /* ToolsForTesting.swift */ = {isa = PBXFileReference; fileEncoding = 4; lastKnownFileType = sourcecode.swift; path = ToolsForTesting.swift; sourceTree = "<group>"; };
		0F5044CF1E22A316007030CD /* TypeAliases.swift */ = {isa = PBXFileReference; fileEncoding = 4; lastKnownFileType = sourcecode.swift; name = TypeAliases.swift; path = Shared/TypeAliases.swift; sourceTree = "<group>"; };
		0F5044D11E22D8B3007030CD /* UITableView+.swift */ = {isa = PBXFileReference; fileEncoding = 4; lastKnownFileType = sourcecode.swift; path = "UITableView+.swift"; sourceTree = "<group>"; };
		0F5ADF991E107CDD003B1225 /* Enfoca.app */ = {isa = PBXFileReference; explicitFileType = wrapper.application; includeInIndex = 0; path = Enfoca.app; sourceTree = BUILT_PRODUCTS_DIR; };
		0F5ADF9C1E107CDD003B1225 /* AppDelegate.swift */ = {isa = PBXFileReference; lastKnownFileType = sourcecode.swift; path = AppDelegate.swift; sourceTree = "<group>"; };
		0F5ADFA31E107CDD003B1225 /* Assets.xcassets */ = {isa = PBXFileReference; lastKnownFileType = folder.assetcatalog; path = Assets.xcassets; sourceTree = "<group>"; };
		0F5ADFA61E107CDD003B1225 /* Base */ = {isa = PBXFileReference; lastKnownFileType = file.storyboard; name = Base; path = Base.lproj/LaunchScreen.storyboard; sourceTree = "<group>"; };
		0F5ADFA81E107CDD003B1225 /* Info.plist */ = {isa = PBXFileReference; lastKnownFileType = text.plist.xml; path = Info.plist; sourceTree = "<group>"; };
		0F5ADFAD1E107CDD003B1225 /* EnfocaTests.xctest */ = {isa = PBXFileReference; explicitFileType = wrapper.cfbundle; includeInIndex = 0; path = EnfocaTests.xctest; sourceTree = BUILT_PRODUCTS_DIR; };
		0F5ADFB11E107CDD003B1225 /* EnfocaTests.swift */ = {isa = PBXFileReference; lastKnownFileType = sourcecode.swift; path = EnfocaTests.swift; sourceTree = "<group>"; };
		0F5ADFB31E107CDD003B1225 /* Info.plist */ = {isa = PBXFileReference; lastKnownFileType = text.plist.xml; path = Info.plist; sourceTree = "<group>"; };
		0F64F17F1E2AB7EF000549CF /* PairEditorViewController.swift */ = {isa = PBXFileReference; fileEncoding = 4; lastKnownFileType = sourcecode.swift; name = PairEditorViewController.swift; path = Features/PairEditor/PairEditorViewController.swift; sourceTree = "<group>"; };
		0F64F1821E2AB872000549CF /* PairEditorViewControllerTests.swift */ = {isa = PBXFileReference; fileEncoding = 4; lastKnownFileType = sourcecode.swift; name = PairEditorViewControllerTests.swift; path = Features/PairEditor/PairEditorViewControllerTests.swift; sourceTree = "<group>"; };
		0F64F1841E2AD1C7000549CF /* BrowseViewModelDelegate.swift */ = {isa = PBXFileReference; fileEncoding = 4; lastKnownFileType = sourcecode.swift; name = BrowseViewModelDelegate.swift; path = Features/Browse/BrowseViewModelDelegate.swift; sourceTree = "<group>"; };
		0F64F1861E2C141D000549CF /* TagCell.swift */ = {isa = PBXFileReference; fileEncoding = 4; lastKnownFileType = sourcecode.swift; name = TagCell.swift; path = Features/Browse/TagCell.swift; sourceTree = "<group>"; };
		0F64F18A1E2C5173000549CF /* TagCellTests.swift */ = {isa = PBXFileReference; fileEncoding = 4; lastKnownFileType = sourcecode.swift; name = TagCellTests.swift; path = Models/TagCellTests.swift; sourceTree = "<group>"; };
		0F64F1A91E3D4059000549CF /* PairEditorDelegate.swift */ = {isa = PBXFileReference; fileEncoding = 4; lastKnownFileType = sourcecode.swift; path = PairEditorDelegate.swift; sourceTree = "<group>"; };
		0F64F1AB1E3E575D000549CF /* Gender.swift */ = {isa = PBXFileReference; fileEncoding = 4; lastKnownFileType = sourcecode.swift; name = Gender.swift; path = Models/Gender.swift; sourceTree = "<group>"; };
		0F64F1AD1E3E5BE7000549CF /* EnfocaError.swift */ = {isa = PBXFileReference; fileEncoding = 4; lastKnownFileType = sourcecode.swift; name = EnfocaError.swift; path = Network/EnfocaError.swift; sourceTree = "<group>"; };
		0F64F1AF1E3E5D9E000549CF /* EnfocaErrorTests.swift */ = {isa = PBXFileReference; fileEncoding = 4; lastKnownFileType = sourcecode.swift; name = EnfocaErrorTests.swift; path = Shared/EnfocaErrorTests.swift; sourceTree = "<group>"; };
		0F7212291E50C7E400DD3870 /* TagFilterViewModelDelegate.swift */ = {isa = PBXFileReference; fileEncoding = 4; lastKnownFileType = sourcecode.swift; name = TagFilterViewModelDelegate.swift; path = Features/Browse/TagFilterViewModelDelegate.swift; sourceTree = "<group>"; };
		0F8594151E2AB41500163462 /* PairEditor.storyboard */ = {isa = PBXFileReference; fileEncoding = 4; lastKnownFileType = file.storyboard; name = PairEditor.storyboard; path = Features/Edit/PairEditor.storyboard; sourceTree = "<group>"; };
		0F864E801E17F81500539773 /* BrowseViewControllerStudyItemTests.swift */ = {isa = PBXFileReference; fileEncoding = 4; lastKnownFileType = sourcecode.swift; name = BrowseViewControllerStudyItemTests.swift; path = Features/Browse/BrowseViewControllerStudyItemTests.swift; sourceTree = "<group>"; };
		0F864E821E17F93F00539773 /* ApplicationDefaults.swift */ = {isa = PBXFileReference; fileEncoding = 4; lastKnownFileType = sourcecode.swift; name = ApplicationDefaults.swift; path = Core/ApplicationDefaults.swift; sourceTree = "<group>"; };
		0F864E851E1807A400539773 /* WordPairCell.swift */ = {isa = PBXFileReference; fileEncoding = 4; lastKnownFileType = sourcecode.swift; name = WordPairCell.swift; path = Features/Browse/WordPairCell.swift; sourceTree = "<group>"; };
		0F864E891E1808C900539773 /* BrowseViewModel.swift */ = {isa = PBXFileReference; fileEncoding = 4; lastKnownFileType = sourcecode.swift; name = BrowseViewModel.swift; path = Features/Browse/BrowseViewModel.swift; sourceTree = "<group>"; };
		0F864E8B1E180C1E00539773 /* BrowseViewModelTests.swift */ = {isa = PBXFileReference; fileEncoding = 4; lastKnownFileType = sourcecode.swift; name = BrowseViewModelTests.swift; path = Features/Browse/BrowseViewModelTests.swift; sourceTree = "<group>"; };
		0F864E8D1E18660800539773 /* WordPairCellTests.swift */ = {isa = PBXFileReference; fileEncoding = 4; lastKnownFileType = sourcecode.swift; name = WordPairCellTests.swift; path = Features/Browse/WordPairCellTests.swift; sourceTree = "<group>"; };
		0F87D0C31E466487001394AB /* PairEditorViewControllerMockVCTests.swift */ = {isa = PBXFileReference; fileEncoding = 4; lastKnownFileType = sourcecode.swift; name = PairEditorViewControllerMockVCTests.swift; path = Features/PairEditor/PairEditorViewControllerMockVCTests.swift; sourceTree = "<group>"; };
		0FAA961E1E19A56600078365 /* WordPairOrder.swift */ = {isa = PBXFileReference; fileEncoding = 4; lastKnownFileType = sourcecode.swift; path = WordPairOrder.swift; sourceTree = "<group>"; };
		0FB1C6531E1403BE0087DC93 /* EnumCollection.swift */ = {isa = PBXFileReference; fileEncoding = 4; lastKnownFileType = sourcecode.swift; name = EnumCollection.swift; path = Utilities/EnumCollection.swift; sourceTree = "<group>"; };
		0FB1C6561E144BB20087DC93 /* TagAssociationTests.swift */ = {isa = PBXFileReference; fileEncoding = 4; lastKnownFileType = sourcecode.swift; name = TagAssociationTests.swift; path = Models/TagAssociationTests.swift; sourceTree = "<group>"; };
		0FB1C6581E144D730087DC93 /* TagAssociation.swift */ = {isa = PBXFileReference; fileEncoding = 4; lastKnownFileType = sourcecode.swift; name = TagAssociation.swift; path = Models/TagAssociation.swift; sourceTree = "<group>"; };
		0FB1C65A1E14500E0087DC93 /* WebService.swift */ = {isa = PBXFileReference; fileEncoding = 4; lastKnownFileType = sourcecode.swift; name = WebService.swift; path = Network/WebService.swift; sourceTree = "<group>"; };
		0FB1C65D1E145CB60087DC93 /* DemoWebService.swift */ = {isa = PBXFileReference; fileEncoding = 4; lastKnownFileType = sourcecode.swift; name = DemoWebService.swift; path = Network/DemoWebService.swift; sourceTree = "<group>"; };
		0FB1C6611E148CA00087DC93 /* TagFilterViewController.swift */ = {isa = PBXFileReference; fileEncoding = 4; lastKnownFileType = sourcecode.swift; name = TagFilterViewController.swift; path = Features/Browse/TagFilterViewController.swift; sourceTree = "<group>"; };
		0FB1C6631E148F710087DC93 /* TagFilterDelegate.swift */ = {isa = PBXFileReference; fileEncoding = 4; lastKnownFileType = sourcecode.swift; name = TagFilterDelegate.swift; path = Features/Browse/TagFilterDelegate.swift; sourceTree = "<group>"; };
		0FB1C6651E154F200087DC93 /* Sequence+.swift */ = {isa = PBXFileReference; fileEncoding = 4; lastKnownFileType = sourcecode.swift; name = "Sequence+.swift"; path = "Shared/Extensions/Sequence+.swift"; sourceTree = "<group>"; };
		0FB1C6671E154F650087DC93 /* Sequence+Tests.swift */ = {isa = PBXFileReference; fileEncoding = 4; lastKnownFileType = sourcecode.swift; name = "Sequence+Tests.swift"; path = "Shared/Extensions/Sequence+Tests.swift"; sourceTree = "<group>"; };
		0FDC87081E1552F600CF4EC6 /* TagFilterViewControllerTests.swift */ = {isa = PBXFileReference; fileEncoding = 4; lastKnownFileType = sourcecode.swift; name = TagFilterViewControllerTests.swift; path = Features/Browse/TagFilterViewControllerTests.swift; sourceTree = "<group>"; };
		0FDC870A1E15560700CF4EC6 /* TagFilterViewModelTests.swift */ = {isa = PBXFileReference; fileEncoding = 4; lastKnownFileType = sourcecode.swift; name = TagFilterViewModelTests.swift; path = EnfocaTests/Features/Browse/TagFilterViewModelTests.swift; sourceTree = SOURCE_ROOT; };
		0FDC870C1E15573300CF4EC6 /* TagFilterViewModel.swift */ = {isa = PBXFileReference; fileEncoding = 4; lastKnownFileType = sourcecode.swift; name = TagFilterViewModel.swift; path = Features/Browse/TagFilterViewModel.swift; sourceTree = "<group>"; };
		0FDC870E1E15D92700CF4EC6 /* WordPairTests.swift */ = {isa = PBXFileReference; fileEncoding = 4; lastKnownFileType = sourcecode.swift; name = WordPairTests.swift; path = Models/WordPairTests.swift; sourceTree = "<group>"; };
		0FDC87101E15DCC800CF4EC6 /* WordPair.swift */ = {isa = PBXFileReference; fileEncoding = 4; lastKnownFileType = sourcecode.swift; name = WordPair.swift; path = Models/WordPair.swift; sourceTree = "<group>"; };
		2474CEA12B197ED3F628B5F9 /* Pods-Enfoca.release.xcconfig */ = {isa = PBXFileReference; includeInIndex = 1; lastKnownFileType = text.xcconfig; name = "Pods-Enfoca.release.xcconfig"; path = "Pods/Target Support Files/Pods-Enfoca/Pods-Enfoca.release.xcconfig"; sourceTree = "<group>"; };
		3EE143061394603BFAE4FFED /* Pods-EnfocaTests.release.xcconfig */ = {isa = PBXFileReference; includeInIndex = 1; lastKnownFileType = text.xcconfig; name = "Pods-EnfocaTests.release.xcconfig"; path = "Pods/Target Support Files/Pods-EnfocaTests/Pods-EnfocaTests.release.xcconfig"; sourceTree = "<group>"; };
		BED6D653424C76C70C23D1A8 /* Pods_Enfoca.framework */ = {isa = PBXFileReference; explicitFileType = wrapper.framework; includeInIndex = 0; path = Pods_Enfoca.framework; sourceTree = BUILT_PRODUCTS_DIR; };
		EB965A9C70C7405EE5F9DB37 /* Pods-Enfoca.debug.xcconfig */ = {isa = PBXFileReference; includeInIndex = 1; lastKnownFileType = text.xcconfig; name = "Pods-Enfoca.debug.xcconfig"; path = "Pods/Target Support Files/Pods-Enfoca/Pods-Enfoca.debug.xcconfig"; sourceTree = "<group>"; };
		EE70C8ECA27C8ECCF6F8AD0C /* Pods-EnfocaTests.debug.xcconfig */ = {isa = PBXFileReference; includeInIndex = 1; lastKnownFileType = text.xcconfig; name = "Pods-EnfocaTests.debug.xcconfig"; path = "Pods/Target Support Files/Pods-EnfocaTests/Pods-EnfocaTests.debug.xcconfig"; sourceTree = "<group>"; };
		F51C574FDE8BD2BFA035F346 /* Pods_EnfocaTests.framework */ = {isa = PBXFileReference; explicitFileType = wrapper.framework; includeInIndex = 0; path = Pods_EnfocaTests.framework; sourceTree = BUILT_PRODUCTS_DIR; };
/* End PBXFileReference section */

/* Begin PBXFrameworksBuildPhase section */
		0F5ADF961E107CDD003B1225 /* Frameworks */ = {
			isa = PBXFrameworksBuildPhase;
			buildActionMask = 2147483647;
			files = (
				0F32FC3C1E11A74B00D599D8 /* SystemConfiguration.framework in Frameworks */,
				0F32FC3A1E11A73200D599D8 /* SafariServices.framework in Frameworks */,
				E13C77D8E44DD9252F8222F4 /* Pods_Enfoca.framework in Frameworks */,
			);
			runOnlyForDeploymentPostprocessing = 0;
		};
		0F5ADFAA1E107CDD003B1225 /* Frameworks */ = {
			isa = PBXFrameworksBuildPhase;
			buildActionMask = 2147483647;
			files = (
				89BCD4C5F953E8798C304B9B /* Pods_EnfocaTests.framework in Frameworks */,
			);
			runOnlyForDeploymentPostprocessing = 0;
		};
/* End PBXFrameworksBuildPhase section */

/* Begin PBXGroup section */
		0F2431BC1E109CBE0046A224 /* Models */ = {
			isa = PBXGroup;
			children = (
				0F2431BD1E109CDF0046A224 /* CardOrder.swift */,
				0F2431C41E10A04E0046A224 /* CardSide.swift */,
				0F2431CC1E10A5420046A224 /* Tag.swift */,
				0F2431D01E10A9860046A224 /* User.swift */,
				0FB1C6581E144D730087DC93 /* TagAssociation.swift */,
				0FDC87101E15DCC800CF4EC6 /* WordPair.swift */,
				0FAA961E1E19A56600078365 /* WordPairOrder.swift */,
				0F64F1AB1E3E575D000549CF /* Gender.swift */,
			);
			name = Models;
			sourceTree = "<group>";
		};
		0F2431BF1E109DBA0046A224 /* Models */ = {
			isa = PBXGroup;
			children = (
				0F2431C21E109E120046A224 /* CardOrderTests.swift */,
				0F2431C61E10A0B80046A224 /* CardSideTests.swift */,
				0F2431CE1E10A5F90046A224 /* TagTests.swift */,
				0F2431D21E10A9E70046A224 /* UserTests.swift */,
				0FB1C6561E144BB20087DC93 /* TagAssociationTests.swift */,
				0FDC870E1E15D92700CF4EC6 /* WordPairTests.swift */,
			);
			name = Models;
			sourceTree = "<group>";
		};
		0F32FC3D1E11A7DB00D599D8 /* Resources */ = {
			isa = PBXGroup;
			children = (
				0F32FC401E11A8FE00D599D8 /* Enfoca-Bridging-Header.h */,
				0F32FC3E1E11A7F100D599D8 /* GoogleService-Info.plist */,
				0F5ADFA81E107CDD003B1225 /* Info.plist */,
			);
			name = Resources;
			sourceTree = "<group>";
		};
		0F38A4D11E11AFA200051F9E /* Features */ = {
			isa = PBXGroup;
			children = (
				0F64F1811E2AB82F000549CF /* PairEditor */,
				0F4D8A411E12E19400900729 /* Browse */,
				0F38A4D21E11AFAD00051F9E /* Login */,
			);
			name = Features;
			sourceTree = "<group>";
		};
		0F38A4D21E11AFAD00051F9E /* Login */ = {
			isa = PBXGroup;
			children = (
				0F38A4D31E11AFE100051F9E /* LoginViewControllerTests.swift */,
				0F38A4E31E11E3C100051F9E /* WelcomeViewControllerTests.swift */,
			);
			name = Login;
			sourceTree = "<group>";
		};
		0F38A4D61E11B12600051F9E /* Shared */ = {
			isa = PBXGroup;
			children = (
				0F4D8A491E12E84000900729 /* Extensions */,
				0FB1C6521E14038E0087DC93 /* Utilities */,
				0FB1C6551E1405560087DC93 /* Protocols */,
				0F5044CF1E22A316007030CD /* TypeAliases.swift */,
				0F64F1AD1E3E5BE7000549CF /* EnfocaError.swift */,
			);
			name = Shared;
			sourceTree = "<group>";
		};
		0F38A4D91E11B1FE00051F9E /* Features */ = {
			isa = PBXGroup;
			children = (
				0F4D8A461E12E3E100900729 /* Browse */,
				0F38A4DA1E11B20700051F9E /* Login */,
				0F8594171E2AB42500163462 /* PairEditor */,
			);
			name = Features;
			sourceTree = "<group>";
		};
		0F38A4DA1E11B20700051F9E /* Login */ = {
			isa = PBXGroup;
			children = (
				0F38A4DB1E11B28A00051F9E /* Login.storyboard */,
				0F38A4DD1E11B2AA00051F9E /* LoginViewController.swift */,
				0F38A4E11E11C61000051F9E /* WelcomeViewController.swift */,
			);
			name = Login;
			sourceTree = "<group>";
		};
		0F4D8A411E12E19400900729 /* Browse */ = {
			isa = PBXGroup;
			children = (
				0F4D8A421E12E27600900729 /* BrowseViewControllerFilterTests.swift */,
				0F864E801E17F81500539773 /* BrowseViewControllerStudyItemTests.swift */,
				0F864E8B1E180C1E00539773 /* BrowseViewModelTests.swift */,
				0FDC87081E1552F600CF4EC6 /* TagFilterViewControllerTests.swift */,
				0FDC870A1E15560700CF4EC6 /* TagFilterViewModelTests.swift */,
				0F864E8D1E18660800539773 /* WordPairCellTests.swift */,
				0F64F18A1E2C5173000549CF /* TagCellTests.swift */,
			);
			name = Browse;
			sourceTree = "<group>";
		};
		0F4D8A461E12E3E100900729 /* Browse */ = {
			isa = PBXGroup;
			children = (
				0F4D8A471E12E3FA00900729 /* Browse.storyboard */,
				0F4D8A441E12E3D400900729 /* BrowseViewController.swift */,
				0F864E891E1808C900539773 /* BrowseViewModel.swift */,
				0FB1C6611E148CA00087DC93 /* TagFilterViewController.swift */,
				0FB1C6631E148F710087DC93 /* TagFilterDelegate.swift */,
				0FDC870C1E15573300CF4EC6 /* TagFilterViewModel.swift */,
				0F7212291E50C7E400DD3870 /* TagFilterViewModelDelegate.swift */,
				0F864E851E1807A400539773 /* WordPairCell.swift */,
				0F64F1841E2AD1C7000549CF /* BrowseViewModelDelegate.swift */,
				0F64F1861E2C141D000549CF /* TagCell.swift */,
			);
			name = Browse;
			sourceTree = "<group>";
		};
		0F4D8A491E12E84000900729 /* Extensions */ = {
			isa = PBXGroup;
			children = (
				0F4D8A4A1E12E86900900729 /* UIViewController+.swift */,
				0FB1C6651E154F200087DC93 /* Sequence+.swift */,
				0F5044D11E22D8B3007030CD /* UITableView+.swift */,
			);
			name = Extensions;
			sourceTree = "<group>";
		};
		0F5ADF901E107CDD003B1225 = {
			isa = PBXGroup;
			children = (
				0F5ADF9B1E107CDD003B1225 /* Enfoca */,
				0F5ADFB01E107CDD003B1225 /* EnfocaTests */,
				0F5ADF9A1E107CDD003B1225 /* Products */,
				402B466B1E604EA32AA44313 /* Pods */,
				5A6D575D8BACAD6631D412F2 /* Frameworks */,
			);
			sourceTree = "<group>";
		};
		0F5ADF9A1E107CDD003B1225 /* Products */ = {
			isa = PBXGroup;
			children = (
				0F5ADF991E107CDD003B1225 /* Enfoca.app */,
				0F5ADFAD1E107CDD003B1225 /* EnfocaTests.xctest */,
			);
			name = Products;
			sourceTree = "<group>";
		};
		0F5ADF9B1E107CDD003B1225 /* Enfoca */ = {
			isa = PBXGroup;
			children = (
				0F864E841E17F94D00539773 /* Core */,
				0F38A4D91E11B1FE00051F9E /* Features */,
				0F38A4D61E11B12600051F9E /* Shared */,
				0F32FC3D1E11A7DB00D599D8 /* Resources */,
				0F2431BC1E109CBE0046A224 /* Models */,
				0F5ADFA31E107CDD003B1225 /* Assets.xcassets */,
				0FB1C65C1E1452900087DC93 /* Network */,
			);
			path = Enfoca;
			sourceTree = "<group>";
		};
		0F5ADFB01E107CDD003B1225 /* EnfocaTests */ = {
			isa = PBXGroup;
			children = (
				0F38A4D11E11AFA200051F9E /* Features */,
				0F2431BF1E109DBA0046A224 /* Models */,
				0F5ADFB11E107CDD003B1225 /* EnfocaTests.swift */,
				0F5ADFB31E107CDD003B1225 /* Info.plist */,
				0F38A4DF1E11B94A00051F9E /* SharedMocks.swift */,
				0F4D8A521E13ED9A00900729 /* ToolsForTesting.swift */,
				0FAA96201E1AB79100078365 /* Shared */,
			);
			path = EnfocaTests;
			sourceTree = "<group>";
		};
		0F64F1811E2AB82F000549CF /* PairEditor */ = {
			isa = PBXGroup;
			children = (
				0F64F1821E2AB872000549CF /* PairEditorViewControllerTests.swift */,
				0F87D0C31E466487001394AB /* PairEditorViewControllerMockVCTests.swift */,
			);
			name = PairEditor;
			sourceTree = "<group>";
		};
		0F8594171E2AB42500163462 /* PairEditor */ = {
			isa = PBXGroup;
			children = (
				0F8594151E2AB41500163462 /* PairEditor.storyboard */,
				0F64F17F1E2AB7EF000549CF /* PairEditorViewController.swift */,
				0F64F1A91E3D4059000549CF /* PairEditorDelegate.swift */,
			);
			name = PairEditor;
			sourceTree = "<group>";
		};
		0F864E841E17F94D00539773 /* Core */ = {
			isa = PBXGroup;
			children = (
				0F5ADF9C1E107CDD003B1225 /* AppDelegate.swift */,
				0F5ADFA51E107CDD003B1225 /* LaunchScreen.storyboard */,
				0F864E821E17F93F00539773 /* ApplicationDefaults.swift */,
			);
			name = Core;
			sourceTree = "<group>";
		};
		0FAA96201E1AB79100078365 /* Shared */ = {
			isa = PBXGroup;
			children = (
				0FAA96211E1AB7A000078365 /* Extensions */,
				0F64F1AF1E3E5D9E000549CF /* EnfocaErrorTests.swift */,
			);
			name = Shared;
			sourceTree = "<group>";
		};
		0FAA96211E1AB7A000078365 /* Extensions */ = {
			isa = PBXGroup;
			children = (
				0FB1C6671E154F650087DC93 /* Sequence+Tests.swift */,
			);
			name = Extensions;
			sourceTree = "<group>";
		};
		0FB1C6521E14038E0087DC93 /* Utilities */ = {
			isa = PBXGroup;
			children = (
				0FB1C6531E1403BE0087DC93 /* EnumCollection.swift */,
			);
			name = Utilities;
			sourceTree = "<group>";
		};
		0FB1C6551E1405560087DC93 /* Protocols */ = {
			isa = PBXGroup;
			children = (
				0F38A4D71E11B14D00051F9E /* AuthenticationDelegate.swift */,
			);
			name = Protocols;
			sourceTree = "<group>";
		};
		0FB1C65C1E1452900087DC93 /* Network */ = {
			isa = PBXGroup;
			children = (
				0FB1C65A1E14500E0087DC93 /* WebService.swift */,
				0FB1C65D1E145CB60087DC93 /* DemoWebService.swift */,
			);
			name = Network;
			sourceTree = "<group>";
		};
		402B466B1E604EA32AA44313 /* Pods */ = {
			isa = PBXGroup;
			children = (
				EB965A9C70C7405EE5F9DB37 /* Pods-Enfoca.debug.xcconfig */,
				2474CEA12B197ED3F628B5F9 /* Pods-Enfoca.release.xcconfig */,
				EE70C8ECA27C8ECCF6F8AD0C /* Pods-EnfocaTests.debug.xcconfig */,
				3EE143061394603BFAE4FFED /* Pods-EnfocaTests.release.xcconfig */,
			);
			name = Pods;
			sourceTree = "<group>";
		};
		5A6D575D8BACAD6631D412F2 /* Frameworks */ = {
			isa = PBXGroup;
			children = (
				0F32FC3B1E11A74B00D599D8 /* SystemConfiguration.framework */,
				0F32FC391E11A73200D599D8 /* SafariServices.framework */,
				BED6D653424C76C70C23D1A8 /* Pods_Enfoca.framework */,
				F51C574FDE8BD2BFA035F346 /* Pods_EnfocaTests.framework */,
			);
			name = Frameworks;
			sourceTree = "<group>";
		};
/* End PBXGroup section */

/* Begin PBXNativeTarget section */
		0F5ADF981E107CDD003B1225 /* Enfoca */ = {
			isa = PBXNativeTarget;
			buildConfigurationList = 0F5ADFB61E107CDD003B1225 /* Build configuration list for PBXNativeTarget "Enfoca" */;
			buildPhases = (
				E899A143A7168387495327E0 /* [CP] Check Pods Manifest.lock */,
				0F5ADF951E107CDD003B1225 /* Sources */,
				0F5ADF961E107CDD003B1225 /* Frameworks */,
				0F5ADF971E107CDD003B1225 /* Resources */,
				51444CFA8652AAF55B32AA17 /* [CP] Embed Pods Frameworks */,
				9FB427B5F540D742647B9034 /* [CP] Copy Pods Resources */,
			);
			buildRules = (
			);
			dependencies = (
			);
			name = Enfoca;
			productName = Enfoca;
			productReference = 0F5ADF991E107CDD003B1225 /* Enfoca.app */;
			productType = "com.apple.product-type.application";
		};
		0F5ADFAC1E107CDD003B1225 /* EnfocaTests */ = {
			isa = PBXNativeTarget;
			buildConfigurationList = 0F5ADFB91E107CDD003B1225 /* Build configuration list for PBXNativeTarget "EnfocaTests" */;
			buildPhases = (
				0C143297ACC782824C70CE63 /* [CP] Check Pods Manifest.lock */,
				0F5ADFA91E107CDD003B1225 /* Sources */,
				0F5ADFAA1E107CDD003B1225 /* Frameworks */,
				0F5ADFAB1E107CDD003B1225 /* Resources */,
				F3A284534D5D8C689EA3CD86 /* [CP] Embed Pods Frameworks */,
				EDECC172539FAA87692345FB /* [CP] Copy Pods Resources */,
			);
			buildRules = (
			);
			dependencies = (
				0F5ADFAF1E107CDD003B1225 /* PBXTargetDependency */,
			);
			name = EnfocaTests;
			productName = EnfocaTests;
			productReference = 0F5ADFAD1E107CDD003B1225 /* EnfocaTests.xctest */;
			productType = "com.apple.product-type.bundle.unit-test";
		};
/* End PBXNativeTarget section */

/* Begin PBXProject section */
		0F5ADF911E107CDD003B1225 /* Project object */ = {
			isa = PBXProject;
			attributes = {
				LastSwiftUpdateCheck = 0810;
				LastUpgradeCheck = 0810;
				ORGANIZATIONNAME = "Trevis Thomas";
				TargetAttributes = {
					0F5ADF981E107CDD003B1225 = {
						CreatedOnToolsVersion = 8.1;
						DevelopmentTeam = KRNJ229R7J;
						LastSwiftMigration = 0810;
						ProvisioningStyle = Automatic;
					};
					0F5ADFAC1E107CDD003B1225 = {
						CreatedOnToolsVersion = 8.1;
						DevelopmentTeam = KRNJ229R7J;
						ProvisioningStyle = Automatic;
						TestTargetID = 0F5ADF981E107CDD003B1225;
					};
				};
			};
			buildConfigurationList = 0F5ADF941E107CDD003B1225 /* Build configuration list for PBXProject "Enfoca" */;
			compatibilityVersion = "Xcode 3.2";
			developmentRegion = English;
			hasScannedForEncodings = 0;
			knownRegions = (
				en,
				Base,
			);
			mainGroup = 0F5ADF901E107CDD003B1225;
			productRefGroup = 0F5ADF9A1E107CDD003B1225 /* Products */;
			projectDirPath = "";
			projectRoot = "";
			targets = (
				0F5ADF981E107CDD003B1225 /* Enfoca */,
				0F5ADFAC1E107CDD003B1225 /* EnfocaTests */,
			);
		};
/* End PBXProject section */

/* Begin PBXResourcesBuildPhase section */
		0F5ADF971E107CDD003B1225 /* Resources */ = {
			isa = PBXResourcesBuildPhase;
			buildActionMask = 2147483647;
			files = (
				0F5ADFA71E107CDD003B1225 /* LaunchScreen.storyboard in Resources */,
				0F4D8A481E12E3FA00900729 /* Browse.storyboard in Resources */,
				0F38A4DC1E11B28A00051F9E /* Login.storyboard in Resources */,
				0F5ADFA41E107CDD003B1225 /* Assets.xcassets in Resources */,
				0F8594161E2AB41500163462 /* PairEditor.storyboard in Resources */,
			);
			runOnlyForDeploymentPostprocessing = 0;
		};
		0F5ADFAB1E107CDD003B1225 /* Resources */ = {
			isa = PBXResourcesBuildPhase;
			buildActionMask = 2147483647;
			files = (
			);
			runOnlyForDeploymentPostprocessing = 0;
		};
/* End PBXResourcesBuildPhase section */

/* Begin PBXShellScriptBuildPhase section */
		0C143297ACC782824C70CE63 /* [CP] Check Pods Manifest.lock */ = {
			isa = PBXShellScriptBuildPhase;
			buildActionMask = 2147483647;
			files = (
			);
			inputPaths = (
			);
			name = "[CP] Check Pods Manifest.lock";
			outputPaths = (
			);
			runOnlyForDeploymentPostprocessing = 0;
			shellPath = /bin/sh;
			shellScript = "diff \"${PODS_ROOT}/../Podfile.lock\" \"${PODS_ROOT}/Manifest.lock\" > /dev/null\nif [ $? != 0 ] ; then\n    # print error to STDERR\n    echo \"error: The sandbox is not in sync with the Podfile.lock. Run 'pod install' or update your CocoaPods installation.\" >&2\n    exit 1\nfi\n";
			showEnvVarsInLog = 0;
		};
		51444CFA8652AAF55B32AA17 /* [CP] Embed Pods Frameworks */ = {
			isa = PBXShellScriptBuildPhase;
			buildActionMask = 2147483647;
			files = (
			);
			inputPaths = (
			);
			name = "[CP] Embed Pods Frameworks";
			outputPaths = (
			);
			runOnlyForDeploymentPostprocessing = 0;
			shellPath = /bin/sh;
			shellScript = "\"${SRCROOT}/Pods/Target Support Files/Pods-Enfoca/Pods-Enfoca-frameworks.sh\"\n";
			showEnvVarsInLog = 0;
		};
		9FB427B5F540D742647B9034 /* [CP] Copy Pods Resources */ = {
			isa = PBXShellScriptBuildPhase;
			buildActionMask = 2147483647;
			files = (
			);
			inputPaths = (
			);
			name = "[CP] Copy Pods Resources";
			outputPaths = (
			);
			runOnlyForDeploymentPostprocessing = 0;
			shellPath = /bin/sh;
			shellScript = "\"${SRCROOT}/Pods/Target Support Files/Pods-Enfoca/Pods-Enfoca-resources.sh\"\n";
			showEnvVarsInLog = 0;
		};
		E899A143A7168387495327E0 /* [CP] Check Pods Manifest.lock */ = {
			isa = PBXShellScriptBuildPhase;
			buildActionMask = 2147483647;
			files = (
			);
			inputPaths = (
			);
			name = "[CP] Check Pods Manifest.lock";
			outputPaths = (
			);
			runOnlyForDeploymentPostprocessing = 0;
			shellPath = /bin/sh;
			shellScript = "diff \"${PODS_ROOT}/../Podfile.lock\" \"${PODS_ROOT}/Manifest.lock\" > /dev/null\nif [ $? != 0 ] ; then\n    # print error to STDERR\n    echo \"error: The sandbox is not in sync with the Podfile.lock. Run 'pod install' or update your CocoaPods installation.\" >&2\n    exit 1\nfi\n";
			showEnvVarsInLog = 0;
		};
		EDECC172539FAA87692345FB /* [CP] Copy Pods Resources */ = {
			isa = PBXShellScriptBuildPhase;
			buildActionMask = 2147483647;
			files = (
			);
			inputPaths = (
			);
			name = "[CP] Copy Pods Resources";
			outputPaths = (
			);
			runOnlyForDeploymentPostprocessing = 0;
			shellPath = /bin/sh;
			shellScript = "\"${SRCROOT}/Pods/Target Support Files/Pods-EnfocaTests/Pods-EnfocaTests-resources.sh\"\n";
			showEnvVarsInLog = 0;
		};
		F3A284534D5D8C689EA3CD86 /* [CP] Embed Pods Frameworks */ = {
			isa = PBXShellScriptBuildPhase;
			buildActionMask = 2147483647;
			files = (
			);
			inputPaths = (
			);
			name = "[CP] Embed Pods Frameworks";
			outputPaths = (
			);
			runOnlyForDeploymentPostprocessing = 0;
			shellPath = /bin/sh;
			shellScript = "\"${SRCROOT}/Pods/Target Support Files/Pods-EnfocaTests/Pods-EnfocaTests-frameworks.sh\"\n";
			showEnvVarsInLog = 0;
		};
/* End PBXShellScriptBuildPhase section */

/* Begin PBXSourcesBuildPhase section */
		0F5ADF951E107CDD003B1225 /* Sources */ = {
			isa = PBXSourcesBuildPhase;
			buildActionMask = 2147483647;
			files = (
				0F64F1AA1E3D4059000549CF /* PairEditorDelegate.swift in Sources */,
				0FB1C65B1E14500E0087DC93 /* WebService.swift in Sources */,
				0FDC87111E15DCC800CF4EC6 /* WordPair.swift in Sources */,
				0FB1C6641E148F710087DC93 /* TagFilterDelegate.swift in Sources */,
				0F5044D21E22D8B3007030CD /* UITableView+.swift in Sources */,
				0F64F1871E2C141D000549CF /* TagCell.swift in Sources */,
				0FB1C6661E154F200087DC93 /* Sequence+.swift in Sources */,
				0F64F1801E2AB7EF000549CF /* PairEditorViewController.swift in Sources */,
				0F72122A1E50C7E400DD3870 /* TagFilterViewModelDelegate.swift in Sources */,
				0F864E8A1E1808C900539773 /* BrowseViewModel.swift in Sources */,
				0F38A4DE1E11B2AA00051F9E /* LoginViewController.swift in Sources */,
				0F864E831E17F93F00539773 /* ApplicationDefaults.swift in Sources */,
				0F38A4E21E11C61000051F9E /* WelcomeViewController.swift in Sources */,
				0F4D8A4B1E12E86900900729 /* UIViewController+.swift in Sources */,
				0FB1C6541E1403BE0087DC93 /* EnumCollection.swift in Sources */,
				0F64F1AC1E3E575D000549CF /* Gender.swift in Sources */,
				0F64F1851E2AD1C7000549CF /* BrowseViewModelDelegate.swift in Sources */,
				0F2431CD1E10A5420046A224 /* Tag.swift in Sources */,
				0F4D8A451E12E3D400900729 /* BrowseViewController.swift in Sources */,
				0F64F1AE1E3E5BE7000549CF /* EnfocaError.swift in Sources */,
				0F864E871E1807A400539773 /* WordPairCell.swift in Sources */,
				0FDC870D1E15573300CF4EC6 /* TagFilterViewModel.swift in Sources */,
				0F2431C51E10A04E0046A224 /* CardSide.swift in Sources */,
				0F38A4D81E11B14D00051F9E /* AuthenticationDelegate.swift in Sources */,
				0FB1C6621E148CA00087DC93 /* TagFilterViewController.swift in Sources */,
				0FB1C6591E144D730087DC93 /* TagAssociation.swift in Sources */,
				0F2431BE1E109CDF0046A224 /* CardOrder.swift in Sources */,
				0F5ADF9D1E107CDD003B1225 /* AppDelegate.swift in Sources */,
				0F2431D11E10A9860046A224 /* User.swift in Sources */,
				0F5044D01E22A316007030CD /* TypeAliases.swift in Sources */,
				0FAA961F1E19A56600078365 /* WordPairOrder.swift in Sources */,
				0FB1C65E1E145CB60087DC93 /* DemoWebService.swift in Sources */,
			);
			runOnlyForDeploymentPostprocessing = 0;
		};
		0F5ADFA91E107CDD003B1225 /* Sources */ = {
			isa = PBXSourcesBuildPhase;
			buildActionMask = 2147483647;
			files = (
				0F64F1831E2AB872000549CF /* PairEditorViewControllerTests.swift in Sources */,
				0F864E8E1E18660800539773 /* WordPairCellTests.swift in Sources */,
				0F64F1B01E3E5D9E000549CF /* EnfocaErrorTests.swift in Sources */,
				0F38A4E01E11B94A00051F9E /* SharedMocks.swift in Sources */,
				0FB1C6681E154F650087DC93 /* Sequence+Tests.swift in Sources */,
				0FDC870F1E15D92700CF4EC6 /* WordPairTests.swift in Sources */,
				0F87D0C41E466487001394AB /* PairEditorViewControllerMockVCTests.swift in Sources */,
				0F38A4E41E11E3C100051F9E /* WelcomeViewControllerTests.swift in Sources */,
				0F864E811E17F81600539773 /* BrowseViewControllerStudyItemTests.swift in Sources */,
				0FDC870B1E15560700CF4EC6 /* TagFilterViewModelTests.swift in Sources */,
				0F2431D31E10A9E70046A224 /* UserTests.swift in Sources */,
				0FDC87091E1552F600CF4EC6 /* TagFilterViewControllerTests.swift in Sources */,
				0F2431C31E109E120046A224 /* CardOrderTests.swift in Sources */,
				0FB1C6571E144BB20087DC93 /* TagAssociationTests.swift in Sources */,
				0F4D8A531E13ED9A00900729 /* ToolsForTesting.swift in Sources */,
				0F38A4D41E11AFE100051F9E /* LoginViewControllerTests.swift in Sources */,
				0F864E8C1E180C1E00539773 /* BrowseViewModelTests.swift in Sources */,
				0F2431CF1E10A5F90046A224 /* TagTests.swift in Sources */,
				0F64F18B1E2C5173000549CF /* TagCellTests.swift in Sources */,
				0F5ADFB21E107CDD003B1225 /* EnfocaTests.swift in Sources */,
				0F4D8A431E12E27600900729 /* BrowseViewControllerFilterTests.swift in Sources */,
				0F2431C71E10A0B80046A224 /* CardSideTests.swift in Sources */,
			);
			runOnlyForDeploymentPostprocessing = 0;
		};
/* End PBXSourcesBuildPhase section */

/* Begin PBXTargetDependency section */
		0F5ADFAF1E107CDD003B1225 /* PBXTargetDependency */ = {
			isa = PBXTargetDependency;
			target = 0F5ADF981E107CDD003B1225 /* Enfoca */;
			targetProxy = 0F5ADFAE1E107CDD003B1225 /* PBXContainerItemProxy */;
		};
/* End PBXTargetDependency section */

/* Begin PBXVariantGroup section */
		0F5ADFA51E107CDD003B1225 /* LaunchScreen.storyboard */ = {
			isa = PBXVariantGroup;
			children = (
				0F5ADFA61E107CDD003B1225 /* Base */,
			);
			name = LaunchScreen.storyboard;
			sourceTree = "<group>";
		};
/* End PBXVariantGroup section */

/* Begin XCBuildConfiguration section */
		0F5ADFB41E107CDD003B1225 /* Debug */ = {
			isa = XCBuildConfiguration;
			buildSettings = {
				ALWAYS_SEARCH_USER_PATHS = NO;
				CLANG_ANALYZER_NONNULL = YES;
				CLANG_CXX_LANGUAGE_STANDARD = "gnu++0x";
				CLANG_CXX_LIBRARY = "libc++";
				CLANG_ENABLE_MODULES = YES;
				CLANG_ENABLE_OBJC_ARC = YES;
				CLANG_WARN_BOOL_CONVERSION = YES;
				CLANG_WARN_CONSTANT_CONVERSION = YES;
				CLANG_WARN_DIRECT_OBJC_ISA_USAGE = YES_ERROR;
				CLANG_WARN_DOCUMENTATION_COMMENTS = YES;
				CLANG_WARN_EMPTY_BODY = YES;
				CLANG_WARN_ENUM_CONVERSION = YES;
				CLANG_WARN_INFINITE_RECURSION = YES;
				CLANG_WARN_INT_CONVERSION = YES;
				CLANG_WARN_OBJC_ROOT_CLASS = YES_ERROR;
				CLANG_WARN_SUSPICIOUS_MOVE = YES;
				CLANG_WARN_SUSPICIOUS_MOVES = YES;
				CLANG_WARN_UNREACHABLE_CODE = YES;
				CLANG_WARN__DUPLICATE_METHOD_MATCH = YES;
				"CODE_SIGN_IDENTITY[sdk=iphoneos*]" = "iPhone Developer";
				COPY_PHASE_STRIP = NO;
				DEBUG_INFORMATION_FORMAT = dwarf;
				ENABLE_STRICT_OBJC_MSGSEND = YES;
				ENABLE_TESTABILITY = YES;
				GCC_C_LANGUAGE_STANDARD = gnu99;
				GCC_DYNAMIC_NO_PIC = NO;
				GCC_NO_COMMON_BLOCKS = YES;
				GCC_OPTIMIZATION_LEVEL = 0;
				GCC_PREPROCESSOR_DEFINITIONS = (
					"DEBUG=1",
					"$(inherited)",
				);
				GCC_WARN_64_TO_32_BIT_CONVERSION = YES;
				GCC_WARN_ABOUT_RETURN_TYPE = YES_ERROR;
				GCC_WARN_UNDECLARED_SELECTOR = YES;
				GCC_WARN_UNINITIALIZED_AUTOS = YES_AGGRESSIVE;
				GCC_WARN_UNUSED_FUNCTION = YES;
				GCC_WARN_UNUSED_VARIABLE = YES;
				IPHONEOS_DEPLOYMENT_TARGET = 10.0;
				MTL_ENABLE_DEBUG_INFO = YES;
				ONLY_ACTIVE_ARCH = YES;
				SDKROOT = iphoneos;
				SWIFT_ACTIVE_COMPILATION_CONDITIONS = DEBUG;
				SWIFT_OPTIMIZATION_LEVEL = "-Onone";
				TARGETED_DEVICE_FAMILY = "1,2";
			};
			name = Debug;
		};
		0F5ADFB51E107CDD003B1225 /* Release */ = {
			isa = XCBuildConfiguration;
			buildSettings = {
				ALWAYS_SEARCH_USER_PATHS = NO;
				CLANG_ANALYZER_NONNULL = YES;
				CLANG_CXX_LANGUAGE_STANDARD = "gnu++0x";
				CLANG_CXX_LIBRARY = "libc++";
				CLANG_ENABLE_MODULES = YES;
				CLANG_ENABLE_OBJC_ARC = YES;
				CLANG_WARN_BOOL_CONVERSION = YES;
				CLANG_WARN_CONSTANT_CONVERSION = YES;
				CLANG_WARN_DIRECT_OBJC_ISA_USAGE = YES_ERROR;
				CLANG_WARN_DOCUMENTATION_COMMENTS = YES;
				CLANG_WARN_EMPTY_BODY = YES;
				CLANG_WARN_ENUM_CONVERSION = YES;
				CLANG_WARN_INFINITE_RECURSION = YES;
				CLANG_WARN_INT_CONVERSION = YES;
				CLANG_WARN_OBJC_ROOT_CLASS = YES_ERROR;
				CLANG_WARN_SUSPICIOUS_MOVE = YES;
				CLANG_WARN_SUSPICIOUS_MOVES = YES;
				CLANG_WARN_UNREACHABLE_CODE = YES;
				CLANG_WARN__DUPLICATE_METHOD_MATCH = YES;
				"CODE_SIGN_IDENTITY[sdk=iphoneos*]" = "iPhone Developer";
				COPY_PHASE_STRIP = NO;
				DEBUG_INFORMATION_FORMAT = "dwarf-with-dsym";
				ENABLE_NS_ASSERTIONS = NO;
				ENABLE_STRICT_OBJC_MSGSEND = YES;
				GCC_C_LANGUAGE_STANDARD = gnu99;
				GCC_NO_COMMON_BLOCKS = YES;
				GCC_WARN_64_TO_32_BIT_CONVERSION = YES;
				GCC_WARN_ABOUT_RETURN_TYPE = YES_ERROR;
				GCC_WARN_UNDECLARED_SELECTOR = YES;
				GCC_WARN_UNINITIALIZED_AUTOS = YES_AGGRESSIVE;
				GCC_WARN_UNUSED_FUNCTION = YES;
				GCC_WARN_UNUSED_VARIABLE = YES;
				IPHONEOS_DEPLOYMENT_TARGET = 10.0;
				MTL_ENABLE_DEBUG_INFO = NO;
				SDKROOT = iphoneos;
				SWIFT_OPTIMIZATION_LEVEL = "-Owholemodule";
				TARGETED_DEVICE_FAMILY = "1,2";
				VALIDATE_PRODUCT = YES;
			};
			name = Release;
		};
		0F5ADFB71E107CDD003B1225 /* Debug */ = {
			isa = XCBuildConfiguration;
			baseConfigurationReference = EB965A9C70C7405EE5F9DB37 /* Pods-Enfoca.debug.xcconfig */;
			buildSettings = {
				ALWAYS_EMBED_SWIFT_STANDARD_LIBRARIES = YES;
				ASSETCATALOG_COMPILER_APPICON_NAME = AppIcon;
				CLANG_ENABLE_MODULES = YES;
				DEVELOPMENT_TEAM = KRNJ229R7J;
				FRAMEWORK_SEARCH_PATHS = (
					"$(inherited)",
					"$(PROJECT_DIR)",
				);
				INFOPLIST_FILE = Enfoca/Info.plist;
				LD_RUNPATH_SEARCH_PATHS = "$(inherited) @executable_path/Frameworks";
				"OTHER_LDFLAGS[arch=*]" = (
					"$(OTHER_LDFLAGS)",
					"-ObjC",
				);
				PRODUCT_BUNDLE_IDENTIFIER = org.ttdc.Enfoca;
				PRODUCT_NAME = "$(TARGET_NAME)";
				SWIFT_INSTALL_OBJC_HEADER = NO;
				SWIFT_OPTIMIZATION_LEVEL = "-Onone";
				SWIFT_VERSION = 3.0;
			};
			name = Debug;
		};
		0F5ADFB81E107CDD003B1225 /* Release */ = {
			isa = XCBuildConfiguration;
			baseConfigurationReference = 2474CEA12B197ED3F628B5F9 /* Pods-Enfoca.release.xcconfig */;
			buildSettings = {
				ALWAYS_EMBED_SWIFT_STANDARD_LIBRARIES = YES;
				ASSETCATALOG_COMPILER_APPICON_NAME = AppIcon;
				CLANG_ENABLE_MODULES = YES;
				DEVELOPMENT_TEAM = KRNJ229R7J;
				FRAMEWORK_SEARCH_PATHS = (
					"$(inherited)",
					"$(PROJECT_DIR)",
				);
				INFOPLIST_FILE = Enfoca/Info.plist;
				LD_RUNPATH_SEARCH_PATHS = "$(inherited) @executable_path/Frameworks";
				"OTHER_LDFLAGS[arch=*]" = (
					"$(OTHER_LDFLAGS)",
					"-ObjC",
				);
				PRODUCT_BUNDLE_IDENTIFIER = org.ttdc.Enfoca;
				PRODUCT_NAME = "$(TARGET_NAME)";
				SWIFT_INSTALL_OBJC_HEADER = NO;
				SWIFT_VERSION = 3.0;
			};
			name = Release;
		};
		0F5ADFBA1E107CDD003B1225 /* Debug */ = {
			isa = XCBuildConfiguration;
			baseConfigurationReference = EE70C8ECA27C8ECCF6F8AD0C /* Pods-EnfocaTests.debug.xcconfig */;
			buildSettings = {
				ALWAYS_EMBED_SWIFT_STANDARD_LIBRARIES = YES;
				BUNDLE_LOADER = "$(TEST_HOST)";
				DEVELOPMENT_TEAM = KRNJ229R7J;
				INFOPLIST_FILE = EnfocaTests/Info.plist;
				LD_RUNPATH_SEARCH_PATHS = "$(inherited) @executable_path/Frameworks @loader_path/Frameworks";
				PRODUCT_BUNDLE_IDENTIFIER = org.ttdc.EnfocaTests;
				PRODUCT_NAME = "$(TARGET_NAME)";
				SWIFT_VERSION = 3.0;
				TEST_HOST = "$(BUILT_PRODUCTS_DIR)/Enfoca.app/Enfoca";
			};
			name = Debug;
		};
		0F5ADFBB1E107CDD003B1225 /* Release */ = {
			isa = XCBuildConfiguration;
			baseConfigurationReference = 3EE143061394603BFAE4FFED /* Pods-EnfocaTests.release.xcconfig */;
			buildSettings = {
				ALWAYS_EMBED_SWIFT_STANDARD_LIBRARIES = YES;
				BUNDLE_LOADER = "$(TEST_HOST)";
				DEVELOPMENT_TEAM = KRNJ229R7J;
				INFOPLIST_FILE = EnfocaTests/Info.plist;
				LD_RUNPATH_SEARCH_PATHS = "$(inherited) @executable_path/Frameworks @loader_path/Frameworks";
				PRODUCT_BUNDLE_IDENTIFIER = org.ttdc.EnfocaTests;
				PRODUCT_NAME = "$(TARGET_NAME)";
				SWIFT_VERSION = 3.0;
				TEST_HOST = "$(BUILT_PRODUCTS_DIR)/Enfoca.app/Enfoca";
			};
			name = Release;
		};
/* End XCBuildConfiguration section */

/* Begin XCConfigurationList section */
		0F5ADF941E107CDD003B1225 /* Build configuration list for PBXProject "Enfoca" */ = {
			isa = XCConfigurationList;
			buildConfigurations = (
				0F5ADFB41E107CDD003B1225 /* Debug */,
				0F5ADFB51E107CDD003B1225 /* Release */,
			);
			defaultConfigurationIsVisible = 0;
			defaultConfigurationName = Release;
		};
		0F5ADFB61E107CDD003B1225 /* Build configuration list for PBXNativeTarget "Enfoca" */ = {
			isa = XCConfigurationList;
			buildConfigurations = (
				0F5ADFB71E107CDD003B1225 /* Debug */,
				0F5ADFB81E107CDD003B1225 /* Release */,
			);
			defaultConfigurationIsVisible = 0;
			defaultConfigurationName = Release;
		};
		0F5ADFB91E107CDD003B1225 /* Build configuration list for PBXNativeTarget "EnfocaTests" */ = {
			isa = XCConfigurationList;
			buildConfigurations = (
				0F5ADFBA1E107CDD003B1225 /* Debug */,
				0F5ADFBB1E107CDD003B1225 /* Release */,
			);
			defaultConfigurationIsVisible = 0;
			defaultConfigurationName = Release;
		};
/* End XCConfigurationList section */
	};
	rootObject = 0F5ADF911E107CDD003B1225 /* Project object */;
}
